
Microsoft Visual Studio Solution File, Format Version 12.00
# Visual Studio Version 17
VisualStudioVersion = 17.14.36511.14 d17.14
MinimumVisualStudioVersion = 10.0.40219.1
Project("{FAE04EC0-301F-11D3-BF4B-00C04F79EFBC}") = "WebApplication2", "WebApplication2.csproj", "{CC18975A-C60D-4552-A421-A07C93354794}"
EndProject
Global
	GlobalSection(SolutionConfigurationPlatforms) = preSolution
		Debug|Any CPU = Debug|Any CPU
		Release|Any CPU = Release|Any CPU
	EndGlobalSection
	GlobalSection(ProjectConfigurationPlatforms) = postSolution
		{CC18975A-C60D-4552-A421-A07C93354794}.Debug|Any CPU.ActiveCfg = Debug|Any CPU
		{CC18975A-C60D-4552-A421-A07C93354794}.Debug|Any CPU.Build.0 = Debug|Any CPU
		{CC18975A-C60D-4552-A421-A07C93354794}.Release|Any CPU.ActiveCfg = Release|Any CPU
		{CC18975A-C60D-4552-A421-A07C93354794}.Release|Any CPU.Build.0 = Release|Any CPU
	EndGlobalSection
	GlobalSection(SolutionProperties) = preSolution
		HideSolutionNode = FALSE
	EndGlobalSection
	GlobalSection(ExtensibilityGlobals) = postSolution
		SolutionGuid = {BB6FE7DF-C33E-41D3-9C3B-81D5256F5C12}
	EndGlobalSection
EndGlobal
